// !$*UTF8*$!
{
	archiveVersion = 1;
	classes = {
	};
	objectVersion = 56;
	objects = {

/* Begin PBXBuildFile section */
		8603E4052BA4A2ED002F4854 /* ChallangeApp.swift in Sources */ = {isa = PBXBuildFile; fileRef = 8603E4042BA4A2ED002F4854 /* ChallangeApp.swift */; };
		8603E4072BA4A2ED002F4854 /* ContentView.swift in Sources */ = {isa = PBXBuildFile; fileRef = 8603E4062BA4A2ED002F4854 /* ContentView.swift */; };
		8603E4092BA4A2ED002F4854 /* Item.swift in Sources */ = {isa = PBXBuildFile; fileRef = 8603E4082BA4A2ED002F4854 /* Item.swift */; };
		8603E40B2BA4A2F0002F4854 /* Assets.xcassets in Resources */ = {isa = PBXBuildFile; fileRef = 8603E40A2BA4A2F0002F4854 /* Assets.xcassets */; };
		8603E40F2BA4A2F0002F4854 /* Preview Assets.xcassets in Resources */ = {isa = PBXBuildFile; fileRef = 8603E40E2BA4A2F0002F4854 /* Preview Assets.xcassets */; };
		8603E4162BA4A330002F4854 /* ModelData.swift in Sources */ = {isa = PBXBuildFile; fileRef = 8603E4152BA4A330002F4854 /* ModelData.swift */; };
		8603E4182BA4A3DB002F4854 /* viewModalData.swift in Sources */ = {isa = PBXBuildFile; fileRef = 8603E4172BA4A3DB002F4854 /* viewModalData.swift */; };
		8603E41B2BA4A440002F4854 /* Challange.storyboard in Resources */ = {isa = PBXBuildFile; fileRef = 8603E41A2BA4A440002F4854 /* Challange.storyboard */; };
		8603E41F2BA4A49C002F4854 /* tebleviewContoller.swift in Sources */ = {isa = PBXBuildFile; fileRef = 8603E41E2BA4A49C002F4854 /* tebleviewContoller.swift */; };
		8603E4232BA4A9BA002F4854 /* webAPIcall.swift in Sources */ = {isa = PBXBuildFile; fileRef = 8603E4222BA4A9BA002F4854 /* webAPIcall.swift */; };
/* End PBXBuildFile section */

/* Begin PBXFileReference section */
		8603E4012BA4A2ED002F4854 /* Challange.app */ = {isa = PBXFileReference; explicitFileType = wrapper.application; includeInIndex = 0; path = Challange.app; sourceTree = BUILT_PRODUCTS_DIR; };
		8603E4042BA4A2ED002F4854 /* ChallangeApp.swift */ = {isa = PBXFileReference; lastKnownFileType = sourcecode.swift; path = ChallangeApp.swift; sourceTree = "<group>"; };
		8603E4062BA4A2ED002F4854 /* ContentView.swift */ = {isa = PBXFileReference; lastKnownFileType = sourcecode.swift; path = ContentView.swift; sourceTree = "<group>"; };
		8603E4082BA4A2ED002F4854 /* Item.swift */ = {isa = PBXFileReference; lastKnownFileType = sourcecode.swift; path = Item.swift; sourceTree = "<group>"; };
		8603E40A2BA4A2F0002F4854 /* Assets.xcassets */ = {isa = PBXFileReference; lastKnownFileType = folder.assetcatalog; path = Assets.xcassets; sourceTree = "<group>"; };
		8603E40C2BA4A2F0002F4854 /* Challange.entitlements */ = {isa = PBXFileReference; lastKnownFileType = text.plist.entitlements; path = Challange.entitlements; sourceTree = "<group>"; };
		8603E40E2BA4A2F0002F4854 /* Preview Assets.xcassets */ = {isa = PBXFileReference; lastKnownFileType = folder.assetcatalog; path = "Preview Assets.xcassets"; sourceTree = "<group>"; };
		8603E4152BA4A330002F4854 /* ModelData.swift */ = {isa = PBXFileReference; lastKnownFileType = sourcecode.swift; path = ModelData.swift; sourceTree = "<group>"; };
		8603E4172BA4A3DB002F4854 /* viewModalData.swift */ = {isa = PBXFileReference; lastKnownFileType = sourcecode.swift; path = viewModalData.swift; sourceTree = "<group>"; };
		8603E41A2BA4A440002F4854 /* Challange.storyboard */ = {isa = PBXFileReference; lastKnownFileType = file.storyboard; path = Challange.storyboard; sourceTree = "<group>"; };
		8603E41E2BA4A49C002F4854 /* tebleviewContoller.swift */ = {isa = PBXFileReference; lastKnownFileType = sourcecode.swift; path = tebleviewContoller.swift; sourceTree = "<group>"; };
		8603E4222BA4A9BA002F4854 /* webAPIcall.swift */ = {isa = PBXFileReference; lastKnownFileType = sourcecode.swift; path = webAPIcall.swift; sourceTree = "<group>"; };
/* End PBXFileReference section */

/* Begin PBXFrameworksBuildPhase section */
		8603E3FE2BA4A2ED002F4854 /* Frameworks */ = {
			isa = PBXFrameworksBuildPhase;
			buildActionMask = 2147483647;
			files = (
			);
			runOnlyForDeploymentPostprocessing = 0;
		};
/* End PBXFrameworksBuildPhase section */

/* Begin PBXGroup section */
		8603E3F82BA4A2ED002F4854 = {
			isa = PBXGroup;
			children = (
				8603E4032BA4A2ED002F4854 /* Challange */,
				8603E4022BA4A2ED002F4854 /* Products */,
			);
			sourceTree = "<group>";
		};
		8603E4022BA4A2ED002F4854 /* Products */ = {
			isa = PBXGroup;
			children = (
				8603E4012BA4A2ED002F4854 /* Challange.app */,
			);
			name = Products;
			sourceTree = "<group>";
		};
		8603E4032BA4A2ED002F4854 /* Challange */ = {
			isa = PBXGroup;
			children = (
				8603E4242BA4B6A9002F4854 /* networkAPI */,
				8603E4042BA4A2ED002F4854 /* ChallangeApp.swift */,
				8603E4212BA4A4AE002F4854 /* View */,
				8603E4202BA4A4A7002F4854 /* ViewController */,
				8603E4192BA4A3E6002F4854 /* ModalData */,
				8603E40A2BA4A2F0002F4854 /* Assets.xcassets */,
				8603E40C2BA4A2F0002F4854 /* Challange.entitlements */,
				8603E40D2BA4A2F0002F4854 /* Preview Content */,
			);
			path = Challange;
			sourceTree = "<group>";
		};
		8603E40D2BA4A2F0002F4854 /* Preview Content */ = {
			isa = PBXGroup;
			children = (
				8603E40E2BA4A2F0002F4854 /* Preview Assets.xcassets */,
			);
			path = "Preview Content";
			sourceTree = "<group>";
		};
		8603E4192BA4A3E6002F4854 /* ModalData */ = {
			isa = PBXGroup;
			children = (
				8603E4082BA4A2ED002F4854 /* Item.swift */,
				8603E4172BA4A3DB002F4854 /* viewModalData.swift */,
				8603E4152BA4A330002F4854 /* ModelData.swift */,
			);
			path = ModalData;
			sourceTree = "<group>";
		};
		8603E4202BA4A4A7002F4854 /* ViewController */ = {
			isa = PBXGroup;
			children = (
				8603E4062BA4A2ED002F4854 /* ContentView.swift */,
				8603E41E2BA4A49C002F4854 /* tebleviewContoller.swift */,
			);
			path = ViewController;
			sourceTree = "<group>";
		};
		8603E4212BA4A4AE002F4854 /* View */ = {
			isa = PBXGroup;
			children = (
				8603E41A2BA4A440002F4854 /* Challange.storyboard */,
			);
			path = View;
			sourceTree = "<group>";
		};
		8603E4242BA4B6A9002F4854 /* networkAPI */ = {
			isa = PBXGroup;
			children = (
				8603E4222BA4A9BA002F4854 /* webAPIcall.swift */,
			);
			path = networkAPI;
			sourceTree = "<group>";
		};
/* End PBXGroup section */

/* Begin PBXNativeTarget section */
		8603E4002BA4A2ED002F4854 /* Challange */ = {
			isa = PBXNativeTarget;
			buildConfigurationList = 8603E4122BA4A2F0002F4854 /* Build configuration list for PBXNativeTarget "Challange" */;
			buildPhases = (
				8603E3FD2BA4A2ED002F4854 /* Sources */,
				8603E3FE2BA4A2ED002F4854 /* Frameworks */,
				8603E3FF2BA4A2ED002F4854 /* Resources */,
			);
			buildRules = (
			);
			dependencies = (
			);
			name = Challange;
			productName = Challange;
			productReference = 8603E4012BA4A2ED002F4854 /* Challange.app */;
			productType = "com.apple.product-type.application";
		};
/* End PBXNativeTarget section */

/* Begin PBXProject section */
		8603E3F92BA4A2ED002F4854 /* Project object */ = {
			isa = PBXProject;
			attributes = {
				BuildIndependentTargetsInParallel = 1;
				LastSwiftUpdateCheck = 1520;
				LastUpgradeCheck = 1520;
				TargetAttributes = {
					8603E4002BA4A2ED002F4854 = {
						CreatedOnToolsVersion = 15.2;
					};
				};
			};
			buildConfigurationList = 8603E3FC2BA4A2ED002F4854 /* Build configuration list for PBXProject "Challange" */;
			compatibilityVersion = "Xcode 14.0";
			developmentRegion = en;
			hasScannedForEncodings = 0;
			knownRegions = (
				en,
				Base,
			);
			mainGroup = 8603E3F82BA4A2ED002F4854;
			productRefGroup = 8603E4022BA4A2ED002F4854 /* Products */;
			projectDirPath = "";
			projectRoot = "";
			targets = (
				8603E4002BA4A2ED002F4854 /* Challange */,
			);
		};
/* End PBXProject section */

/* Begin PBXResourcesBuildPhase section */
		8603E3FF2BA4A2ED002F4854 /* Resources */ = {
			isa = PBXResourcesBuildPhase;
			buildActionMask = 2147483647;
			files = (
				8603E40F2BA4A2F0002F4854 /* Preview Assets.xcassets in Resources */,
				8603E41B2BA4A440002F4854 /* Challange.storyboard in Resources */,
				8603E40B2BA4A2F0002F4854 /* Assets.xcassets in Resources */,
			);
			runOnlyForDeploymentPostprocessing = 0;
		};
/* End PBXResourcesBuildPhase section */

/* Begin PBXSourcesBuildPhase section */
		8603E3FD2BA4A2ED002F4854 /* Sources */ = {
			isa = PBXSourcesBuildPhase;
			buildActionMask = 2147483647;
			files = (
				8603E4072BA4A2ED002F4854 /* ContentView.swift in Sources */,
				8603E4162BA4A330002F4854 /* ModelData.swift in Sources */,
				8603E4092BA4A2ED002F4854 /* Item.swift in Sources */,
				8603E4052BA4A2ED002F4854 /* ChallangeApp.swift in Sources */,
				8603E4182BA4A3DB002F4854 /* viewModalData.swift in Sources */,
				8603E41F2BA4A49C002F4854 /* tebleviewContoller.swift in Sources */,
				8603E4232BA4A9BA002F4854 /* webAPIcall.swift in Sources */,
			);
			runOnlyForDeploymentPostprocessing = 0;
		};
/* End PBXSourcesBuildPhase section */

/* Begin XCBuildConfiguration section */
		8603E4102BA4A2F0002F4854 /* Debug */ = {
			isa = XCBuildConfiguration;
			buildSettings = {
				ALWAYS_SEARCH_USER_PATHS = NO;
				ASSETCATALOG_COMPILER_GENERATE_SWIFT_ASSET_SYMBOL_EXTENSIONS = YES;
				CLANG_ANALYZER_NONNULL = YES;
				CLANG_ANALYZER_NUMBER_OBJECT_CONVERSION = YES_AGGRESSIVE;
				CLANG_CXX_LANGUAGE_STANDARD = "gnu++20";
				CLANG_ENABLE_MODULES = YES;
				CLANG_ENABLE_OBJC_ARC = YES;
				CLANG_ENABLE_OBJC_WEAK = YES;
				CLANG_WARN_BLOCK_CAPTURE_AUTORELEASING = YES;
				CLANG_WARN_BOOL_CONVERSION = YES;
				CLANG_WARN_COMMA = YES;
				CLANG_WARN_CONSTANT_CONVERSION = YES;
				CLANG_WARN_DEPRECATED_OBJC_IMPLEMENTATIONS = YES;
				CLANG_WARN_DIRECT_OBJC_ISA_USAGE = YES_ERROR;
				CLANG_WARN_DOCUMENTATION_COMMENTS = YES;
				CLANG_WARN_EMPTY_BODY = YES;
				CLANG_WARN_ENUM_CONVERSION = YES;
				CLANG_WARN_INFINITE_RECURSION = YES;
				CLANG_WARN_INT_CONVERSION = YES;
				CLANG_WARN_NON_LITERAL_NULL_CONVERSION = YES;
				CLANG_WARN_OBJC_IMPLICIT_RETAIN_SELF = YES;
				CLANG_WARN_OBJC_LITERAL_CONVERSION = YES;
				CLANG_WARN_OBJC_ROOT_CLASS = YES_ERROR;
				CLANG_WARN_QUOTED_INCLUDE_IN_FRAMEWORK_HEADER = YES;
				CLANG_WARN_RANGE_LOOP_ANALYSIS = YES;
				CLANG_WARN_STRICT_PROTOTYPES = YES;
				CLANG_WARN_SUSPICIOUS_MOVE = YES;
				CLANG_WARN_UNGUARDED_AVAILABILITY = YES_AGGRESSIVE;
				CLANG_WARN_UNREACHABLE_CODE = YES;
				CLANG_WARN__DUPLICATE_METHOD_MATCH = YES;
				COPY_PHASE_STRIP = NO;
				DEBUG_INFORMATION_FORMAT = dwarf;
				ENABLE_STRICT_OBJC_MSGSEND = YES;
				ENABLE_TESTABILITY = YES;
				ENABLE_USER_SCRIPT_SANDBOXING = YES;
				GCC_C_LANGUAGE_STANDARD = gnu17;
				GCC_DYNAMIC_NO_PIC = NO;
				GCC_NO_COMMON_BLOCKS = YES;
				GCC_OPTIMIZATION_LEVEL = 0;
				GCC_PREPROCESSOR_DEFINITIONS = (
					"DEBUG=1",
					"$(inherited)",
				);
				GCC_WARN_64_TO_32_BIT_CONVERSION = YES;
				GCC_WARN_ABOUT_RETURN_TYPE = YES_ERROR;
				GCC_WARN_UNDECLARED_SELECTOR = YES;
				GCC_WARN_UNINITIALIZED_AUTOS = YES_AGGRESSIVE;
				GCC_WARN_UNUSED_FUNCTION = YES;
				GCC_WARN_UNUSED_VARIABLE = YES;
				LOCALIZATION_PREFERS_STRING_CATALOGS = YES;
				MTL_ENABLE_DEBUG_INFO = INCLUDE_SOURCE;
				MTL_FAST_MATH = YES;
				ONLY_ACTIVE_ARCH = YES;
				SWIFT_ACTIVE_COMPILATION_CONDITIONS = "DEBUG $(inherited)";
				SWIFT_OPTIMIZATION_LEVEL = "-Onone";
			};
			name = Debug;
		};
		8603E4112BA4A2F0002F4854 /* Release */ = {
			isa = XCBuildConfiguration;
			buildSettings = {
				ALWAYS_SEARCH_USER_PATHS = NO;
				ASSETCATALOG_COMPILER_GENERATE_SWIFT_ASSET_SYMBOL_EXTENSIONS = YES;
				CLANG_ANALYZER_NONNULL = YES;
				CLANG_ANALYZER_NUMBER_OBJECT_CONVERSION = YES_AGGRESSIVE;
				CLANG_CXX_LANGUAGE_STANDARD = "gnu++20";
				CLANG_ENABLE_MODULES = YES;
				CLANG_ENABLE_OBJC_ARC = YES;
				CLANG_ENABLE_OBJC_WEAK = YES;
				CLANG_WARN_BLOCK_CAPTURE_AUTORELEASING = YES;
				CLANG_WARN_BOOL_CONVERSION = YES;
				CLANG_WARN_COMMA = YES;
				CLANG_WARN_CONSTANT_CONVERSION = YES;
				CLANG_WARN_DEPRECATED_OBJC_IMPLEMENTATIONS = YES;
				CLANG_WARN_DIRECT_OBJC_ISA_USAGE = YES_ERROR;
				CLANG_WARN_DOCUMENTATION_COMMENTS = YES;
				CLANG_WARN_EMPTY_BODY = YES;
				CLANG_WARN_ENUM_CONVERSION = YES;
				CLANG_WARN_INFINITE_RECURSION = YES;
				CLANG_WARN_INT_CONVERSION = YES;
				CLANG_WARN_NON_LITERAL_NULL_CONVERSION = YES;
				CLANG_WARN_OBJC_IMPLICIT_RETAIN_SELF = YES;
				CLANG_WARN_OBJC_LITERAL_CONVERSION = YES;
				CLANG_WARN_OBJC_ROOT_CLASS = YES_ERROR;
				CLANG_WARN_QUOTED_INCLUDE_IN_FRAMEWORK_HEADER = YES;
				CLANG_WARN_RANGE_LOOP_ANALYSIS = YES;
				CLANG_WARN_STRICT_PROTOTYPES = YES;
				CLANG_WARN_SUSPICIOUS_MOVE = YES;
				CLANG_WARN_UNGUARDED_AVAILABILITY = YES_AGGRESSIVE;
				CLANG_WARN_UNREACHABLE_CODE = YES;
				CLANG_WARN__DUPLICATE_METHOD_MATCH = YES;
				COPY_PHASE_STRIP = NO;
				DEBUG_INFORMATION_FORMAT = "dwarf-with-dsym";
				ENABLE_NS_ASSERTIONS = NO;
				ENABLE_STRICT_OBJC_MSGSEND = YES;
				ENABLE_USER_SCRIPT_SANDBOXING = YES;
				GCC_C_LANGUAGE_STANDARD = gnu17;
				GCC_NO_COMMON_BLOCKS = YES;
				GCC_WARN_64_TO_32_BIT_CONVERSION = YES;
				GCC_WARN_ABOUT_RETURN_TYPE = YES_ERROR;
				GCC_WARN_UNDECLARED_SELECTOR = YES;
				GCC_WARN_UNINITIALIZED_AUTOS = YES_AGGRESSIVE;
				GCC_WARN_UNUSED_FUNCTION = YES;
				GCC_WARN_UNUSED_VARIABLE = YES;
				LOCALIZATION_PREFERS_STRING_CATALOGS = YES;
				MTL_ENABLE_DEBUG_INFO = NO;
				MTL_FAST_MATH = YES;
				SWIFT_COMPILATION_MODE = wholemodule;
			};
			name = Release;
		};
		8603E4132BA4A2F0002F4854 /* Debug */ = {
			isa = XCBuildConfiguration;
			buildSettings = {
				ASSETCATALOG_COMPILER_APPICON_NAME = AppIcon;
				ASSETCATALOG_COMPILER_GLOBAL_ACCENT_COLOR_NAME = AccentColor;
				CODE_SIGN_ENTITLEMENTS = Challange/Challange.entitlements;
				CODE_SIGN_STYLE = Automatic;
				CURRENT_PROJECT_VERSION = 1;
				DEVELOPMENT_ASSET_PATHS = "\"Challange/Preview Content\"";
				DEVELOPMENT_TEAM = CMSG4HXUYG;
				ENABLE_HARDENED_RUNTIME = YES;
				ENABLE_PREVIEWS = YES;
				GENERATE_INFOPLIST_FILE = YES;
				"INFOPLIST_KEY_UIApplicationSceneManifest_Generation[sdk=iphoneos*]" = YES;
				"INFOPLIST_KEY_UIApplicationSceneManifest_Generation[sdk=iphonesimulator*]" = YES;
				"INFOPLIST_KEY_UIApplicationSupportsIndirectInputEvents[sdk=iphoneos*]" = YES;
				"INFOPLIST_KEY_UIApplicationSupportsIndirectInputEvents[sdk=iphonesimulator*]" = YES;
				"INFOPLIST_KEY_UILaunchScreen_Generation[sdk=iphoneos*]" = YES;
				"INFOPLIST_KEY_UILaunchScreen_Generation[sdk=iphonesimulator*]" = YES;
				"INFOPLIST_KEY_UIStatusBarStyle[sdk=iphoneos*]" = UIStatusBarStyleDefault;
				"INFOPLIST_KEY_UIStatusBarStyle[sdk=iphonesimulator*]" = UIStatusBarStyleDefault;
				INFOPLIST_KEY_UISupportedInterfaceOrientations_iPad = "UIInterfaceOrientationPortrait UIInterfaceOrientationPortraitUpsideDown UIInterfaceOrientationLandscapeLeft UIInterfaceOrientationLandscapeRight";
				INFOPLIST_KEY_UISupportedInterfaceOrientations_iPhone = "UIInterfaceOrientationPortrait UIInterfaceOrientationLandscapeLeft UIInterfaceOrientationLandscapeRight";
				IPHONEOS_DEPLOYMENT_TARGET = 17.2;
				LD_RUNPATH_SEARCH_PATHS = "@executable_path/Frameworks";
				"LD_RUNPATH_SEARCH_PATHS[sdk=macosx*]" = "@executable_path/../Frameworks";
				MACOSX_DEPLOYMENT_TARGET = 14.0;
				MARKETING_VERSION = 1.0;
				PRODUCT_BUNDLE_IDENTIFIER = cortinascorpx.com.Challange;
				PRODUCT_NAME = "$(TARGET_NAME)";
				SDKROOT = auto;
				SUPPORTED_PLATFORMS = "iphoneos iphonesimulator macosx";
				SWIFT_EMIT_LOC_STRINGS = YES;
				SWIFT_VERSION = 5.0;
				TARGETED_DEVICE_FAMILY = "1,2";
			};
			name = Debug;
		};
		8603E4142BA4A2F0002F4854 /* Release */ = {
			isa = XCBuildConfiguration;
			buildSettings = {
				ASSETCATALOG_COMPILER_APPICON_NAME = AppIcon;
				ASSETCATALOG_COMPILER_GLOBAL_ACCENT_COLOR_NAME = AccentColor;
				CODE_SIGN_ENTITLEMENTS = Challange/Challange.entitlements;
				CODE_SIGN_STYLE = Automatic;
				CURRENT_PROJECT_VERSION = 1;
				DEVELOPMENT_ASSET_PATHS = "\"Challange/Preview Content\"";
				DEVELOPMENT_TEAM = CMSG4HXUYG;
				ENABLE_HARDENED_RUNTIME = YES;
				ENABLE_PREVIEWS = YES;
				GENERATE_INFOPLIST_FILE = YES;
				"INFOPLIST_KEY_UIApplicationSceneManifest_Generation[sdk=iphoneos*]" = YES;
				"INFOPLIST_KEY_UIApplicationSceneManifest_Generation[sdk=iphonesimulator*]" = YES;
				"INFOPLIST_KEY_UIApplicationSupportsIndirectInputEvents[sdk=iphoneos*]" = YES;
				"INFOPLIST_KEY_UIApplicationSupportsIndirectInputEvents[sdk=iphonesimulator*]" = YES;
				"INFOPLIST_KEY_UILaunchScreen_Generation[sdk=iphoneos*]" = YES;
				"INFOPLIST_KEY_UILaunchScreen_Generation[sdk=iphonesimulator*]" = YES;
				"INFOPLIST_KEY_UIStatusBarStyle[sdk=iphoneos*]" = UIStatusBarStyleDefault;
				"INFOPLIST_KEY_UIStatusBarStyle[sdk=iphonesimulator*]" = UIStatusBarStyleDefault;
				INFOPLIST_KEY_UISupportedInterfaceOrientations_iPad = "UIInterfaceOrientationPortrait UIInterfaceOrientationPortraitUpsideDown UIInterfaceOrientationLandscapeLeft UIInterfaceOrientationLandscapeRight";
				INFOPLIST_KEY_UISupportedInterfaceOrientations_iPhone = "UIInterfaceOrientationPortrait UIInterfaceOrientationLandscapeLeft UIInterfaceOrientationLandscapeRight";
				IPHONEOS_DEPLOYMENT_TARGET = 17.2;
				LD_RUNPATH_SEARCH_PATHS = "@executable_path/Frameworks";
				"LD_RUNPATH_SEARCH_PATHS[sdk=macosx*]" = "@executable_path/../Frameworks";
				MACOSX_DEPLOYMENT_TARGET = 14.0;
				MARKETING_VERSION = 1.0;
				PRODUCT_BUNDLE_IDENTIFIER = cortinascorpx.com.Challange;
				PRODUCT_NAME = "$(TARGET_NAME)";
				SDKROOT = auto;
				SUPPORTED_PLATFORMS = "iphoneos iphonesimulator macosx";
				SWIFT_EMIT_LOC_STRINGS = YES;
				SWIFT_VERSION = 5.0;
				TARGETED_DEVICE_FAMILY = "1,2";
			};
			name = Release;
		};
/* End XCBuildConfiguration section */

/* Begin XCConfigurationList section */
		8603E3FC2BA4A2ED002F4854 /* Build configuration list for PBXProject "Challange" */ = {
			isa = XCConfigurationList;
			buildConfigurations = (
				8603E4102BA4A2F0002F4854 /* Debug */,
				8603E4112BA4A2F0002F4854 /* Release */,
			);
			defaultConfigurationIsVisible = 0;
			defaultConfigurationName = Release;
		};
		8603E4122BA4A2F0002F4854 /* Build configuration list for PBXNativeTarget "Challange" */ = {
			isa = XCConfigurationList;
			buildConfigurations = (
				8603E4132BA4A2F0002F4854 /* Debug */,
				8603E4142BA4A2F0002F4854 /* Release */,
			);
			defaultConfigurationIsVisible = 0;
			defaultConfigurationName = Release;
		};
/* End XCConfigurationList section */
	};
	rootObject = 8603E3F92BA4A2ED002F4854 /* Project object */;
}
